
Microsoft Visual Studio Solution File, Format Version 12.00
# Visual Studio Version 17
VisualStudioVersion = 17.8.34511.84
MinimumVisualStudioVersion = 10.0.40219.1
Project("{FAE04EC0-301F-11D3-BF4B-00C04F79EFBC}") = "MVVM2024", "MVVM2024.csproj", "{1EC9F16A-77B7-40A3-ADB8-FFDBBF0471F1}"
EndProject
Global
	GlobalSection(SolutionConfigurationPlatforms) = preSolution
		Debug|Any CPU = Debug|Any CPU
		Release|Any CPU = Release|Any CPU
	EndGlobalSection
	GlobalSection(ProjectConfigurationPlatforms) = postSolution
		{1EC9F16A-77B7-40A3-ADB8-FFDBBF0471F1}.Debug|Any CPU.ActiveCfg = Debug|Any CPU
		{1EC9F16A-77B7-40A3-ADB8-FFDBBF0471F1}.Debug|Any CPU.Build.0 = Debug|Any CPU
		{1EC9F16A-77B7-40A3-ADB8-FFDBBF0471F1}.Release|Any CPU.ActiveCfg = Release|Any CPU
		{1EC9F16A-77B7-40A3-ADB8-FFDBBF0471F1}.Release|Any CPU.Build.0 = Release|Any CPU
	EndGlobalSection
	GlobalSection(SolutionProperties) = preSolution
		HideSolutionNode = FALSE
	EndGlobalSection
	GlobalSection(ExtensibilityGlobals) = postSolution
		SolutionGuid = {AA6D5F4E-B880-4993-BE7F-082D73D27794}
	EndGlobalSection
EndGlobal
